
Microsoft Visual Studio Solution File, Format Version 12.00
# Visual Studio Version 17
VisualStudioVersion = 17.1.32421.90
MinimumVisualStudioVersion = 10.0.40219.1
Project("{FAE04EC0-301F-11D3-BF4B-00C04F79EFBC}") = "DtPipeline", "DtPipeline\DtPipeline.csproj", "{2741B8AE-1473-4036-84F0-AAD8BD6055F7}"
EndProject
Global
	GlobalSection(SolutionConfigurationPlatforms) = preSolution
		Debug|Any CPU = Debug|Any CPU
		Release|Any CPU = Release|Any CPU
	EndGlobalSection
	GlobalSection(ProjectConfigurationPlatforms) = postSolution
		{2741B8AE-1473-4036-84F0-AAD8BD6055F7}.Debug|Any CPU.ActiveCfg = Debug|Any CPU
		{2741B8AE-1473-4036-84F0-AAD8BD6055F7}.Debug|Any CPU.Build.0 = Debug|Any CPU
		{2741B8AE-1473-4036-84F0-AAD8BD6055F7}.Release|Any CPU.ActiveCfg = Release|Any CPU
		{2741B8AE-1473-4036-84F0-AAD8BD6055F7}.Release|Any CPU.Build.0 = Release|Any CPU
	EndGlobalSection
	GlobalSection(SolutionProperties) = preSolution
		HideSolutionNode = FALSE
	EndGlobalSection
	GlobalSection(ExtensibilityGlobals) = postSolution
		SolutionGuid = {E591CA68-E12E-446B-BFA1-748936C8B9FE}
	EndGlobalSection
EndGlobal
